
Microsoft Visual Studio Solution File, Format Version 12.00
# Visual Studio Version 16
VisualStudioVersion = 16.0.30225.117
MinimumVisualStudioVersion = 10.0.40219.1
Project("{FAE04EC0-301F-11D3-BF4B-00C04F79EFBC}") = "tod-eines-handlungsreisenden", "tod-eines-handlungsreisenden\tod-eines-handlungsreisenden.csproj", "{58AF1A7B-BB6B-47D4-884B-4CBB17B3EF6A}"
EndProject
Global
	GlobalSection(SolutionConfigurationPlatforms) = preSolution
		Debug|Any CPU = Debug|Any CPU
		Release|Any CPU = Release|Any CPU
	EndGlobalSection
	GlobalSection(ProjectConfigurationPlatforms) = postSolution
		{58AF1A7B-BB6B-47D4-884B-4CBB17B3EF6A}.Debug|Any CPU.ActiveCfg = Debug|Any CPU
		{58AF1A7B-BB6B-47D4-884B-4CBB17B3EF6A}.Debug|Any CPU.Build.0 = Debug|Any CPU
		{58AF1A7B-BB6B-47D4-884B-4CBB17B3EF6A}.Release|Any CPU.ActiveCfg = Release|Any CPU
		{58AF1A7B-BB6B-47D4-884B-4CBB17B3EF6A}.Release|Any CPU.Build.0 = Release|Any CPU
	EndGlobalSection
	GlobalSection(SolutionProperties) = preSolution
		HideSolutionNode = FALSE
	EndGlobalSection
	GlobalSection(ExtensibilityGlobals) = postSolution
		SolutionGuid = {74F44F80-BA43-4CE1-A8D4-43B2C28CB268}
	EndGlobalSection
EndGlobal
